
Microsoft Visual Studio Solution File, Format Version 12.00
# Visual Studio Version 17
VisualStudioVersion = 17.9.34622.214
MinimumVisualStudioVersion = 10.0.40219.1
Project("{FAE04EC0-301F-11D3-BF4B-00C04F79EFBC}") = "ReactApp1.Server", "ReactApp1.Server\ReactApp1.Server.csproj", "{41C8522A-1403-4150-AD5B-B72C3A0FD707}"
EndProject
Project("{54A90642-561A-4BB1-A94E-469ADEE60C69}") = "reactapp1.client", "reactapp1.client\reactapp1.client.esproj", "{D75D9CA8-9563-402A-90F8-2907880BE402}"
EndProject
Global
	GlobalSection(SolutionConfigurationPlatforms) = preSolution
		Debug|Any CPU = Debug|Any CPU
		Release|Any CPU = Release|Any CPU
	EndGlobalSection
	GlobalSection(ProjectConfigurationPlatforms) = postSolution
		{41C8522A-1403-4150-AD5B-B72C3A0FD707}.Debug|Any CPU.ActiveCfg = Debug|Any CPU
		{41C8522A-1403-4150-AD5B-B72C3A0FD707}.Debug|Any CPU.Build.0 = Debug|Any CPU
		{41C8522A-1403-4150-AD5B-B72C3A0FD707}.Release|Any CPU.ActiveCfg = Release|Any CPU
		{41C8522A-1403-4150-AD5B-B72C3A0FD707}.Release|Any CPU.Build.0 = Release|Any CPU
		{D75D9CA8-9563-402A-90F8-2907880BE402}.Debug|Any CPU.ActiveCfg = Debug|Any CPU
		{D75D9CA8-9563-402A-90F8-2907880BE402}.Debug|Any CPU.Build.0 = Debug|Any CPU
		{D75D9CA8-9563-402A-90F8-2907880BE402}.Debug|Any CPU.Deploy.0 = Debug|Any CPU
		{D75D9CA8-9563-402A-90F8-2907880BE402}.Release|Any CPU.ActiveCfg = Release|Any CPU
		{D75D9CA8-9563-402A-90F8-2907880BE402}.Release|Any CPU.Build.0 = Release|Any CPU
		{D75D9CA8-9563-402A-90F8-2907880BE402}.Release|Any CPU.Deploy.0 = Release|Any CPU
	EndGlobalSection
	GlobalSection(SolutionProperties) = preSolution
		HideSolutionNode = FALSE
	EndGlobalSection
	GlobalSection(ExtensibilityGlobals) = postSolution
		SolutionGuid = {F8B624E1-4A55-4F35-90E7-FF6D4C881A9C}
	EndGlobalSection
EndGlobal
