
Microsoft Visual Studio Solution File, Format Version 12.00
# Visual Studio Version 17
VisualStudioVersion = 17.7.34031.279
MinimumVisualStudioVersion = 10.0.40219.1
Project("{FAE04EC0-301F-11D3-BF4B-00C04F79EFBC}") = "YatzyAPI", "YatzyAPI.csproj", "{F68BDE8E-2623-4EA4-875A-9A1D8F173C02}"
EndProject
Global
	GlobalSection(SolutionConfigurationPlatforms) = preSolution
		Debug|Any CPU = Debug|Any CPU
		Release|Any CPU = Release|Any CPU
	EndGlobalSection
	GlobalSection(ProjectConfigurationPlatforms) = postSolution
		{F68BDE8E-2623-4EA4-875A-9A1D8F173C02}.Debug|Any CPU.ActiveCfg = Debug|Any CPU
		{F68BDE8E-2623-4EA4-875A-9A1D8F173C02}.Debug|Any CPU.Build.0 = Debug|Any CPU
		{F68BDE8E-2623-4EA4-875A-9A1D8F173C02}.Release|Any CPU.ActiveCfg = Release|Any CPU
		{F68BDE8E-2623-4EA4-875A-9A1D8F173C02}.Release|Any CPU.Build.0 = Release|Any CPU
	EndGlobalSection
	GlobalSection(SolutionProperties) = preSolution
		HideSolutionNode = FALSE
	EndGlobalSection
	GlobalSection(ExtensibilityGlobals) = postSolution
		SolutionGuid = {369A5022-727C-4A78-8FE8-B057AEC6D760}
	EndGlobalSection
EndGlobal
